<?xml version="1.0" encoding="UTF-8"?>
<Scheme LastUpgradeVersion="1500" version="1.7">
   <BuildAction parallelizeBuildables="YES" buildImplicitDependencies="YES">
      <BuildActionEntries>
         <BuildActionEntry buildForTesting="YES" buildForRunning="YES" buildForProfiling="YES" buildForArchiving="YES" buildForAnalyzing="YES">
            <BuildableReference BuildableIdentifier="primary" BlueprintIdentifier="5D4982103CAF6B7E" BuildableName="TodoList.app" BlueprintName="TodoList" ReferencedContainer="container:TodoList.xcodeproj"/>
         </BuildActionEntry>
      </BuildActionEntries>
   </BuildAction>
   <TestAction buildConfiguration="Debug" selectedDebuggerIdentifier="Xcode.DebuggerFoundation.Debugger.LLDB" selectedLauncherIdentifier="Xcode.DebuggerFoundation.Launcher.LLDB" shouldUseLaunchSchemeArgsEnv="YES" shouldAutocreateTestPlan="YES">
      <Testables>
         <TestableReference
            skipped = "NO">
            <BuildableReference
               BuildableIdentifier = "primary"
               BlueprintIdentifier = "A0718B96CD5243FE"
               BuildableName = "TodoListTests.xctest"
               BlueprintName = "TodoListTests"
               ReferencedContainer = "container:TodoList.xcodeproj">
            </BuildableReference>
         </TestableReference>
         <TestableReference
            skipped = "NO">
            <BuildableReference
               BuildableIdentifier = "primary"
               BlueprintIdentifier = "0C4785DA9E3B612F"
               BuildableName = "TodoListUITests.xctest"
               BlueprintName = "TodoListUITests"
               ReferencedContainer = "container:TodoList.xcodeproj">
            </BuildableReference>
         </TestableReference>
      </Testables>
      <MacroExpansion>
         <BuildableReference
            BuildableIdentifier = "primary"
            BlueprintIdentifier = "5D4982103CAF6B7E"
            BuildableName = "TodoList.app"
            BlueprintName = "TodoList"
            ReferencedContainer = "container:TodoList.xcodeproj">
         </BuildableReference>
      </MacroExpansion>
   </TestAction>
   <LaunchAction buildConfiguration="Debug" selectedDebuggerIdentifier="Xcode.DebuggerFoundation.Debugger.LLDB" selectedLauncherIdentifier="Xcode.DebuggerFoundation.Launcher.LLDB" launchStyle="0" useCustomWorkingDirectory="NO" ignoresPersistentStateOnLaunch="NO" debugDocumentVersioning="YES" debugServiceExtension="internal" allowLocationSimulation="YES">
      <BuildableProductRunnable runnableDebuggingMode="0">
         <BuildableReference
            BuildableIdentifier = "primary"
            BlueprintIdentifier = "5D4982103CAF6B7E"
            BuildableName = "TodoList.app"
            BlueprintName = "TodoList"
            ReferencedContainer = "container:TodoList.xcodeproj">
         </BuildableReference>
      </BuildableProductRunnable>
   </LaunchAction>
   <ProfileAction buildConfiguration="Release" shouldUseLaunchSchemeArgsEnv="YES" savedToolIdentifier="" useCustomWorkingDirectory="NO" debugDocumentVersioning="YES">
      <BuildableProductRunnable
         runnableDebuggingMode = "0">
         <BuildableReference
            BuildableIdentifier = "primary"
            BlueprintIdentifier = "5D4982103CAF6B7E"
            BuildableName = "TodoList.app"
            BlueprintName = "TodoList"
            ReferencedContainer = "container:TodoList.xcodeproj">
         </BuildableReference>
      </BuildableProductRunnable>
   </ProfileAction>
   <AnalyzeAction buildConfiguration="Debug">
   </AnalyzeAction>
   <ArchiveAction buildConfiguration="Release" revealArchiveInOrganizer="YES">
   </ArchiveAction>
</Scheme>