// !$*UTF8*$!
{
  archiveVersion = 1;
  classes = {
  };
  objectVersion = 56;
  objects = {

    /* Begin PBXBuildFile section */
    37189BFDC5AE6204 /* TodoApp.swift in Sources */ = {isa = PBXBuildFile; fileRef = ADF38B576C92401E; };
    483D6EF2179CA5B0 /* TodoListView.swift in Sources */ = {isa = PBXBuildFile; fileRef = 6E79083D5C1BFA42; };
    8609C5DA1427BF3E /* TodoRowView.swift in Sources */ = {isa = PBXBuildFile; fileRef = F43D721C09B56E8A; };
    BEC98765F432A10D /* Todo.swift in Sources */ = {isa = PBXBuildFile; fileRef = 0FE6192D3C748A5B; };
    3BF2E85A147C960D /* TodoListViewModel.swift in Sources */ = {isa = PBXBuildFile; fileRef = 2F19AD435E0BC867; };
    AEB173C024F856D9 /* Info.plist in Sources */ = {isa = PBXBuildFile; fileRef = 13C5D6842A90BF7E; };
    C9FEB5A0678132D4 /* TodoListTests.swift in Sources */ = {isa = PBXBuildFile; fileRef = A21763089CF5E4DB; };
    43D7FB5A26190EC8 /* TodoListUITests.swift in Sources */ = {isa = PBXBuildFile; fileRef = 654B7AF93E80DC12; };
    0D7653FCA481E29B /* SwiftUI.framework in Frameworks */ = {isa = PBXBuildFile; fileRef = 6572038FB1DCE9A4; };
    /* End PBXBuildFile section */

    /* Begin PBXFileReference section */
    092CE5FD837641AB /* TodoList.app */ = {isa = PBXFileReference; explicitFileType = wrapper.application; includeInIndex = 0; path = "TodoList.app"; sourceTree = BUILT_PRODUCTS_DIR; };
    ADF38B576C92401E /* TodoApp.swift */ = {isa = PBXFileReference; lastKnownFileType = sourcecode.swift; path = "TodoApp.swift"; sourceTree = "<group>"; };
    6E79083D5C1BFA42 /* TodoListView.swift */ = {isa = PBXFileReference; lastKnownFileType = sourcecode.swift; path = "TodoListView.swift"; sourceTree = "<group>"; };
    F43D721C09B56E8A /* TodoRowView.swift */ = {isa = PBXFileReference; lastKnownFileType = sourcecode.swift; path = "TodoRowView.swift"; sourceTree = "<group>"; };
    0FE6192D3C748A5B /* Todo.swift */ = {isa = PBXFileReference; lastKnownFileType = sourcecode.swift; path = "Todo.swift"; sourceTree = "<group>"; };
    2F19AD435E0BC867 /* TodoListViewModel.swift */ = {isa = PBXFileReference; lastKnownFileType = sourcecode.swift; path = "TodoListViewModel.swift"; sourceTree = "<group>"; };
    13C5D6842A90BF7E /* Info.plist */ = {isa = PBXFileReference; lastKnownFileType = text.plist.xml; path = "Info.plist"; sourceTree = "<group>"; };
    A21763089CF5E4DB /* TodoListTests.swift */ = {isa = PBXFileReference; lastKnownFileType = sourcecode.swift; path = "TodoListTests.swift"; sourceTree = "<group>"; };
    654B7AF93E80DC12 /* TodoListUITests.swift */ = {isa = PBXFileReference; lastKnownFileType = sourcecode.swift; path = "TodoListUITests.swift"; sourceTree = "<group>"; };
    B493E210875A6DCF /* TodoListTests.xctest */ = {isa = PBXFileReference; explicitFileType = wrapper.cfbundle; includeInIndex = 0; path = "TodoListTests.xctest"; sourceTree = BUILT_PRODUCTS_DIR; };
    08DBC19263FA7E45 /* TodoListUITests.xctest */ = {isa = PBXFileReference; explicitFileType = wrapper.cfbundle; includeInIndex = 0; path = "TodoListUITests.xctest"; sourceTree = BUILT_PRODUCTS_DIR; };
    6572038FB1DCE9A4 /* SwiftUI.framework */ = {isa = PBXFileReference; lastKnownFileType = wrapper.framework; name = SwiftUI.framework; path = System/Library/Frameworks/SwiftUI.framework; sourceTree = SDKROOT; };
    /* End PBXFileReference section */

    /* Begin PBXFrameworksBuildPhase section */
    8520A3194FB7DC6E /* Frameworks */ = {
      isa = PBXFrameworksBuildPhase;
      buildActionMask = 2147483647;
      files = (
        0D7653FCA481E29B /* SwiftUI.framework in Frameworks */
      );
      runOnlyForDeploymentPostprocessing = 0;
    };
    92541036BEA78DFC /* Frameworks */ = {
      isa = PBXFrameworksBuildPhase;
      buildActionMask = 2147483647;
      files = (
      );
      runOnlyForDeploymentPostprocessing = 0;
    };
    D5B803E9674A1F2C /* Frameworks */ = {
      isa = PBXFrameworksBuildPhase;
      buildActionMask = 2147483647;
      files = (
      );
      runOnlyForDeploymentPostprocessing = 0;
    };
    /* End PBXFrameworksBuildPhase section */

    /* Begin PBXGroup section */
    4709CFD513B68AE2 /* Main Group */ = {
      isa = PBXGroup;
      children = (
        06E45198A27C3DBF /* TodoList */,
        6F390D14CA725B8E /* TodoListTests */,
        CFB4E23D7581609A /* TodoListUITests */,
        A19350D62EF84B7C /* Products */
      );
      sourceTree = "<group>";
    };
    06E45198A27C3DBF /* TodoList */ = {
      isa = PBXGroup;
      children = (
        ADF38B576C92401E,
        6E79083D5C1BFA42,
        F43D721C09B56E8A,
        0FE6192D3C748A5B,
        2F19AD435E0BC867,
        13C5D6842A90BF7E
      );
      path = "TodoList";
      sourceTree = "<group>";
    };
    
    6F390D14CA725B8E /* TodoListTests */ = {
      isa = PBXGroup;
      children = (
        A21763089CF5E4DB /* TodoListTests.swift */
      );
      path = "TodoListTests";
      sourceTree = "<group>";
    };
    CFB4E23D7581609A /* TodoListUITests */ = {
      isa = PBXGroup;
      children = (
        654B7AF93E80DC12 /* TodoListUITests.swift */
      );
      path = "TodoListUITests";
      sourceTree = "<group>";
    };
    A19350D62EF84B7C /* Products */ = {
      isa = PBXGroup;
      children = (
        092CE5FD837641AB /* TodoList.app */,
        B493E210875A6DCF /* TodoListTests.xctest */,
        08DBC19263FA7E45 /* TodoListUITests.xctest */
      );
      name = Products;
      sourceTree = "<group>";
    };
    /* End PBXGroup section */

    /* Begin PBXNativeTarget section */
    5D4982103CAF6B7E /* TodoList */ = {
      isa = PBXNativeTarget;
      buildConfigurationList = F43271BCA05E98D6 /* Build configuration list for PBXNativeTarget "TodoList" */;
      buildPhases = (
        D609F5C31E847A2B /* Sources */,
        8520A3194FB7DC6E /* Frameworks */
      );
      buildRules = (
      );
      dependencies = (
      );
      name = "TodoList";
      productName = "TodoList";
      productReference = 092CE5FD837641AB /* TodoList.app */;
      productType = "com.apple.product-type.application";
    };
    A0718B96CD5243FE /* TodoListTests */ = {
      isa = PBXNativeTarget;
      buildConfigurationList = B92ACE7045F61D83 /* Build configuration list for PBXNativeTarget "TodoListTests" */;
      buildPhases = (
        C37A29E8510D46BF /* Sources */,
        92541036BEA78DFC /* Frameworks */
      );
      buildRules = (
      );
      dependencies = (
        0A8615273CED4FB9 /* PBXTargetDependency */
      );
      name = "TodoListTests";
      productName = "TodoListTests";
      productReference = B493E210875A6DCF /* TodoListTests.xctest */;
      productType = "com.apple.product-type.bundle.unit-test";
    };
    0C4785DA9E3B612F /* TodoListUITests */ = {
      isa = PBXNativeTarget;
      buildConfigurationList = 23B69D875C1F0A4E /* Build configuration list for PBXNativeTarget "TodoListUITests" */;
      buildPhases = (
        53A42FBDE90671C8 /* Sources */,
        D5B803E9674A1F2C /* Frameworks */
      );
      buildRules = (
      );
      dependencies = (
        3A279DE5CF14860B /* PBXTargetDependency */
      );
      name = "TodoListUITests";
      productName = "TodoListUITests";
      productReference = 08DBC19263FA7E45 /* TodoListUITests.xctest */;
      productType = "com.apple.product-type.bundle.ui-testing";
    };
    /* End PBXNativeTarget section */

    /* Begin PBXProject section */
    B54326AF8D1EC970 /* Project object */ = {
      isa = PBXProject;
      attributes = {
        LastSwiftUpdateCheck = 1500;
        LastUpgradeCheck = 1500;
        TargetAttributes = {
          5D4982103CAF6B7E = {
            CreatedOnToolsVersion = 15.0;
          };
          A0718B96CD5243FE = {
            CreatedOnToolsVersion = 15.0;
            TestTargetID = 5D4982103CAF6B7E;
          };
          0C4785DA9E3B612F = {
            CreatedOnToolsVersion = 15.0;
            TestTargetID = 5D4982103CAF6B7E;
          };
        };
      };
      buildConfigurationList = F3D21B975EA8640C /* Build configuration list for PBXProject "TodoList" */;
      compatibilityVersion = "Xcode 14.0";
      developmentRegion = en;
      hasScannedForEncodings = 0;
      knownRegions = (
        en,
        Base
      );
      mainGroup = 4709CFD513B68AE2;
      productRefGroup = A19350D62EF84B7C /* Products */;
      projectDirPath = "";
      projectRoot = "";
      targets = (
        5D4982103CAF6B7E /* TodoList */,
        A0718B96CD5243FE /* TodoListTests */,
        0C4785DA9E3B612F /* TodoListUITests */
      );
    };
    /* End PBXProject section */

    /* Begin PBXSourcesBuildPhase section */
    D609F5C31E847A2B /* Sources */ = {
      isa = PBXSourcesBuildPhase;
      buildActionMask = 2147483647;
      files = (
        37189BFDC5AE6204,
        483D6EF2179CA5B0,
        8609C5DA1427BF3E,
        BEC98765F432A10D,
        3BF2E85A147C960D,
        AEB173C024F856D9
      );
      runOnlyForDeploymentPostprocessing = 0;
    };
    C37A29E8510D46BF /* Sources */ = {
      isa = PBXSourcesBuildPhase;
      buildActionMask = 2147483647;
      files = (
        C9FEB5A0678132D4 /* TodoListTests.swift in Sources */
      );
      runOnlyForDeploymentPostprocessing = 0;
    };
    53A42FBDE90671C8 /* Sources */ = {
      isa = PBXSourcesBuildPhase;
      buildActionMask = 2147483647;
      files = (
        43D7FB5A26190EC8 /* TodoListUITests.swift in Sources */
      );
      runOnlyForDeploymentPostprocessing = 0;
    };
    /* End PBXSourcesBuildPhase section */

    /* Begin PBXContainerItemProxy section */
    6AD907B18F2C43E5 /* PBXContainerItemProxy */ = {
      isa = PBXContainerItemProxy;
      containerPortal = B54326AF8D1EC970 /* Project object */;
      proxyType = 1;
      remoteGlobalIDString = 5D4982103CAF6B7E;
      remoteInfo = "TodoList";
    };
    AEFC01D6257B8934 /* PBXContainerItemProxy */ = {
      isa = PBXContainerItemProxy;
      containerPortal = B54326AF8D1EC970 /* Project object */;
      proxyType = 1;
      remoteGlobalIDString = 5D4982103CAF6B7E;
      remoteInfo = "TodoList";
    };
    /* End PBXContainerItemProxy section */

    /* Begin PBXTargetDependency section */
    0A8615273CED4FB9 /* PBXTargetDependency */ = {
      isa = PBXTargetDependency;
      target = 5D4982103CAF6B7E /* TodoList */;
      targetProxy = 6AD907B18F2C43E5 /* PBXContainerItemProxy */;
    };
    3A279DE5CF14860B /* PBXTargetDependency */ = {
      isa = PBXTargetDependency;
      target = 5D4982103CAF6B7E /* TodoList */;
      targetProxy = AEFC01D6257B8934 /* PBXContainerItemProxy */;
    };
    /* End PBXTargetDependency section */

    /* Begin XCBuildConfiguration section */
    7B61AC049D3E528F /* Debug */ = {
      isa = XCBuildConfiguration;
      buildSettings = {
        ALWAYS_SEARCH_USER_PATHS = NO;
        ASSETCATALOG_COMPILER_APPICON_NAME = AppIcon;
        ASSETCATALOG_COMPILER_GLOBAL_ACCENT_COLOR_NAME = AccentColor;
        CLANG_ANALYZER_NONNULL = YES;
        CLANG_ANALYZER_NUMBER_OBJECT_CONVERSION = YES_AGGRESSIVE;
        CLANG_CXX_LANGUAGE_STANDARD = "gnu++20";
        CLANG_ENABLE_MODULES = YES;
        CLANG_ENABLE_OBJC_ARC = YES;
        CLANG_ENABLE_OBJC_WEAK = YES;
        CODE_SIGN_STYLE = Automatic;
        CURRENT_PROJECT_VERSION = 1;
        DEVELOPMENT_ASSET_PATHS = "";
        DEVELOPMENT_TEAM = "";
        ENABLE_PREVIEWS = YES;
        ENABLE_STRICT_OBJC_MSGSEND = YES;
        ENABLE_TESTABILITY = YES;
        FRAMEWORK_SEARCH_PATHS = (
          "$(inherited)",
          "$(SDKROOT)/System/Library/Frameworks"
        );
        GCC_C_LANGUAGE_STANDARD = gnu11;
        GCC_DYNAMIC_NO_PIC = NO;
        GCC_NO_COMMON_BLOCKS = YES;
        GCC_OPTIMIZATION_LEVEL = 0;
        GCC_PREPROCESSOR_DEFINITIONS = (
          "DEBUG=1",
          "$(inherited)",
        );
        GENERATE_INFOPLIST_FILE = YES;
        INFOPLIST_KEY_UIApplicationSceneManifest_Generation = YES;
        INFOPLIST_KEY_UILaunchScreen_Generation = YES;
        IPHONEOS_DEPLOYMENT_TARGET = 15.0;
        LD_RUNPATH_SEARCH_PATHS = (
          "$(inherited)",
          "@executable_path/Frameworks",
        );
        MARKETING_VERSION = 1.0;
        MTL_ENABLE_DEBUG_INFO = INCLUDE_SOURCE;
        MTL_FAST_MATH = YES;
        ONLY_ACTIVE_ARCH = YES;
        PRODUCT_BUNDLE_IDENTIFIER = "com.example.todolist";
        PRODUCT_NAME = "$(TARGET_NAME)";
        SDKROOT = iphoneos;
        SUPPORTED_PLATFORMS = "iphoneos iphonesimulator";
        SUPPORTS_MACCATALYST = NO;
        SUPPORTS_MAC_DESIGNED_FOR_IPHONE_IPAD = NO;
        SWIFT_ACTIVE_COMPILATION_CONDITIONS = DEBUG;
        SWIFT_EMIT_LOC_STRINGS = YES;
        SWIFT_OPTIMIZATION_LEVEL = "-Onone";
        SWIFT_VERSION = 5.0;
        TARGETED_DEVICE_FAMILY = "1,2";
      };
      name = Debug;
    };
    018B92C3456FED7A /* Release */ = {
      isa = XCBuildConfiguration;
      buildSettings = {
        ALWAYS_SEARCH_USER_PATHS = NO;
        ASSETCATALOG_COMPILER_APPICON_NAME = AppIcon;
        ASSETCATALOG_COMPILER_GLOBAL_ACCENT_COLOR_NAME = AccentColor;
        CLANG_ANALYZER_NONNULL = YES;
        CLANG_ANALYZER_NUMBER_OBJECT_CONVERSION = YES_AGGRESSIVE;
        CLANG_CXX_LANGUAGE_STANDARD = "gnu++20";
        CLANG_ENABLE_MODULES = YES;
        CLANG_ENABLE_OBJC_ARC = YES;
        CLANG_ENABLE_OBJC_WEAK = YES;
        CODE_SIGN_STYLE = Automatic;
        COPY_PHASE_STRIP = NO;
        CURRENT_PROJECT_VERSION = 1;
        DEVELOPMENT_ASSET_PATHS = "";
        DEVELOPMENT_TEAM = "";
        ENABLE_NS_ASSERTIONS = NO;
        ENABLE_PREVIEWS = YES;
        ENABLE_STRICT_OBJC_MSGSEND = YES;
        FRAMEWORK_SEARCH_PATHS = (
          "$(inherited)",
          "$(SDKROOT)/System/Library/Frameworks"
        );
        GCC_C_LANGUAGE_STANDARD = gnu11;
        GCC_NO_COMMON_BLOCKS = YES;
        GENERATE_INFOPLIST_FILE = YES;
        INFOPLIST_KEY_UIApplicationSceneManifest_Generation = YES;
        INFOPLIST_KEY_UILaunchScreen_Generation = YES;
        IPHONEOS_DEPLOYMENT_TARGET = 15.0;
        LD_RUNPATH_SEARCH_PATHS = (
          "$(inherited)",
          "@executable_path/Frameworks",
        );
        MARKETING_VERSION = 1.0;
        MTL_ENABLE_DEBUG_INFO = NO;
        MTL_FAST_MATH = YES;
        PRODUCT_BUNDLE_IDENTIFIER = "com.example.todolist";
        PRODUCT_NAME = "$(TARGET_NAME)";
        SDKROOT = iphoneos;
        SUPPORTED_PLATFORMS = "iphoneos iphonesimulator";
        SUPPORTS_MACCATALYST = NO;
        SUPPORTS_MAC_DESIGNED_FOR_IPHONE_IPAD = NO;
        SWIFT_COMPILATION_MODE = wholemodule;
        SWIFT_EMIT_LOC_STRINGS = YES;
        SWIFT_OPTIMIZATION_LEVEL = "-O";
        SWIFT_VERSION = 5.0;
        TARGETED_DEVICE_FAMILY = "1,2";
        VALIDATE_PRODUCT = YES;
      };
      name = Release;
    };
    0D58EB2463CA97F1 /* Debug */ = {
      isa = XCBuildConfiguration;
      buildSettings = {
        BUNDLE_LOADER = "$(TEST_HOST)";
        CODE_SIGN_STYLE = Automatic;
        CURRENT_PROJECT_VERSION = 1;
        GENERATE_INFOPLIST_FILE = YES;
        IPHONEOS_DEPLOYMENT_TARGET = 15.0;
        MARKETING_VERSION = 1.0;
        PRODUCT_BUNDLE_IDENTIFIER = "com.example.todolist.Tests";
        PRODUCT_NAME = "$(TARGET_NAME)";
        SDKROOT = iphoneos;
        SUPPORTED_PLATFORMS = "iphoneos iphonesimulator";
        SUPPORTS_MACCATALYST = NO;
        SUPPORTS_MAC_DESIGNED_FOR_IPHONE_IPAD = NO;
        SWIFT_EMIT_LOC_STRINGS = NO;
        SWIFT_VERSION = 5.0;
        TARGETED_DEVICE_FAMILY = "1,2";
        TEST_HOST = "$(BUILT_PRODUCTS_DIR)/TodoList.app/$(BUNDLE_EXECUTABLE_FOLDER_PATH)/TodoList";
      };
      name = Debug;
    };
    C018B92567D34EFA /* Release */ = {
      isa = XCBuildConfiguration;
      buildSettings = {
        BUNDLE_LOADER = "$(TEST_HOST)";
        CODE_SIGN_STYLE = Automatic;
        CURRENT_PROJECT_VERSION = 1;
        GENERATE_INFOPLIST_FILE = YES;
        IPHONEOS_DEPLOYMENT_TARGET = 15.0;
        MARKETING_VERSION = 1.0;
        PRODUCT_BUNDLE_IDENTIFIER = "com.example.todolist.Tests";
        PRODUCT_NAME = "$(TARGET_NAME)";
        SDKROOT = iphoneos;
        SUPPORTED_PLATFORMS = "iphoneos iphonesimulator";
        SUPPORTS_MACCATALYST = NO;
        SUPPORTS_MAC_DESIGNED_FOR_IPHONE_IPAD = NO;
        SWIFT_EMIT_LOC_STRINGS = NO;
        SWIFT_VERSION = 5.0;
        TARGETED_DEVICE_FAMILY = "1,2";
        TEST_HOST = "$(BUILT_PRODUCTS_DIR)/TodoList.app/$(BUNDLE_EXECUTABLE_FOLDER_PATH)/TodoList";
        VALIDATE_PRODUCT = YES;
      };
      name = Release;
    };
    20CF6EA4317598BD /* Debug */ = {
      isa = XCBuildConfiguration;
      buildSettings = {
        CODE_SIGN_STYLE = Automatic;
        CURRENT_PROJECT_VERSION = 1;
        GENERATE_INFOPLIST_FILE = YES;
        MARKETING_VERSION = 1.0;
        PRODUCT_BUNDLE_IDENTIFIER = "com.example.todolist.UITests";
        PRODUCT_NAME = "$(TARGET_NAME)";
        SDKROOT = iphoneos;
        SUPPORTED_PLATFORMS = "iphoneos iphonesimulator";
        SUPPORTS_MACCATALYST = NO;
        SUPPORTS_MAC_DESIGNED_FOR_IPHONE_IPAD = NO;
        SWIFT_EMIT_LOC_STRINGS = NO;
        SWIFT_VERSION = 5.0;
        TARGETED_DEVICE_FAMILY = "1,2";
        TEST_TARGET_NAME = TodoList;
      };
      name = Debug;
    };
    43D9C17AF8E0625B /* Release */ = {
      isa = XCBuildConfiguration;
      buildSettings = {
        CODE_SIGN_STYLE = Automatic;
        CURRENT_PROJECT_VERSION = 1;
        GENERATE_INFOPLIST_FILE = YES;
        MARKETING_VERSION = 1.0;
        PRODUCT_BUNDLE_IDENTIFIER = "com.example.todolist.UITests";
        PRODUCT_NAME = "$(TARGET_NAME)";
        SDKROOT = iphoneos;
        SUPPORTED_PLATFORMS = "iphoneos iphonesimulator";
        SUPPORTS_MACCATALYST = NO;
        SUPPORTS_MAC_DESIGNED_FOR_IPHONE_IPAD = NO;
        SWIFT_EMIT_LOC_STRINGS = NO;
        SWIFT_VERSION = 5.0;
        TARGETED_DEVICE_FAMILY = "1,2";
        TEST_TARGET_NAME = TodoList;
        VALIDATE_PRODUCT = YES;
      };
      name = Release;
    };
    /* End XCBuildConfiguration section */

    /* Begin XCConfigurationList section */
    F3D21B975EA8640C /* Build configuration list for PBXProject "TodoList" */ = {
      isa = XCConfigurationList;
      buildConfigurations = (
        7B61AC049D3E528F /* Debug */,
        018B92C3456FED7A /* Release */
      );
      defaultConfigurationIsVisible = 0;
      defaultConfigurationName = Release;
    };
    F43271BCA05E98D6 /* Build configuration list for PBXNativeTarget "TodoList" */ = {
      isa = XCConfigurationList;
      buildConfigurations = (
        7B61AC049D3E528F /* Debug */,
        018B92C3456FED7A /* Release */
      );
      defaultConfigurationIsVisible = 0;
      defaultConfigurationName = Release;
    };
    B92ACE7045F61D83 /* Build configuration list for PBXNativeTarget "TodoListTests" */ = {
      isa = XCConfigurationList;
      buildConfigurations = (
        0D58EB2463CA97F1 /* Debug */,
        C018B92567D34EFA /* Release */
      );
      defaultConfigurationIsVisible = 0;
      defaultConfigurationName = Release;
    };
    23B69D875C1F0A4E /* Build configuration list for PBXNativeTarget "TodoListUITests" */ = {
      isa = XCConfigurationList;
      buildConfigurations = (
        20CF6EA4317598BD /* Debug */,
        43D9C17AF8E0625B /* Release */
      );
      defaultConfigurationIsVisible = 0;
      defaultConfigurationName = Release;
    };
    /* End XCConfigurationList section */

  };
  rootObject = B54326AF8D1EC970 /* Project object */;
}
